PODS:
  - Alamofire (4.2.0)
  - QRCodeReader (1.2)
  - ReachabilitySwift (3)
  - Socket.IO-Client-Swift (8.1.2)

DEPENDENCIES:
  - Alamofire
  - QRCodeReader
  - ReachabilitySwift (~> 3)
  - Socket.IO-Client-Swift (from `https://github.com/socketio/socket.io-client-swift.git`)

EXTERNAL SOURCES:
  Socket.IO-Client-Swift:
    :git: https://github.com/socketio/socket.io-client-swift.git

CHECKOUT OPTIONS:
  Socket.IO-Client-Swift:
    :commit: 163a770abc4842250d31b8662354d0df190c2885
    :git: https://github.com/socketio/socket.io-client-swift.git

SPEC CHECKSUMS:
  Alamofire: aa2e09d871c9160ac53c90e83c68064a94e3dfbe
  QRCodeReader: be8d663cd428ab4cc2583ef568b93f8e9462e43e
  ReachabilitySwift: f5b9bb30a0777fac8f09ce8b067e32faeb29bb64
  Socket.IO-Client-Swift: 9e58dcad44a57b5f44adbc09dff9f2d5359d1305

PODFILE CHECKSUM: ee8ca6082b3f903e043eab990d93d4984f3ec568

COCOAPODS: 1.1.0.rc.1
